
Microsoft Visual Studio Solution File, Format Version 12.00
# Visual Studio 15
VisualStudioVersion = 15.0.27004.2010
MinimumVisualStudioVersion = 10.0.40219.1
Project("{9A19103F-16F7-4668-BE54-9A1E7A4F7556}") = "ComicsManager.API", "ComicsManager.API\ComicsManager.API.csproj", "{077EBEE5-4436-48A6-AD4B-42B1C301EFE3}"
EndProject
Project("{E53339B2-1760-4266-BCC7-CA923CBCF16C}") = "docker-compose", "docker-compose.dcproj", "{F1741624-8183-453A-9783-4AAE9DE502D1}"
EndProject
Project("{9A19103F-16F7-4668-BE54-9A1E7A4F7556}") = "ComicsManager.Common", "ComicsManager.Common\ComicsManager.Common.csproj", "{29139984-05C7-4C98-ADE4-AEC3373A5743}"
EndProject
Project("{9A19103F-16F7-4668-BE54-9A1E7A4F7556}") = "ComicsManager.Model", "ComicsManager.Model\ComicsManager.Model.csproj", "{C718D5D0-F109-4BF0-8B22-C4BAB45F5CD0}"
EndProject
Project("{FAE04EC0-301F-11D3-BF4B-00C04F79EFBC}") = "ComicsManager.BackOffice", "ComicsManager.BackOffice\ComicsManager.BackOffice.csproj", "{1EE18B79-F16E-4E41-877C-2D3872AC7ABA}"
EndProject
Global
	GlobalSection(SolutionConfigurationPlatforms) = preSolution
		Debug|Any CPU = Debug|Any CPU
		Release|Any CPU = Release|Any CPU
	EndGlobalSection
	GlobalSection(ProjectConfigurationPlatforms) = postSolution
		{077EBEE5-4436-48A6-AD4B-42B1C301EFE3}.Debug|Any CPU.ActiveCfg = Debug|Any CPU
		{077EBEE5-4436-48A6-AD4B-42B1C301EFE3}.Debug|Any CPU.Build.0 = Debug|Any CPU
		{077EBEE5-4436-48A6-AD4B-42B1C301EFE3}.Release|Any CPU.ActiveCfg = Release|Any CPU
		{077EBEE5-4436-48A6-AD4B-42B1C301EFE3}.Release|Any CPU.Build.0 = Release|Any CPU
		{F1741624-8183-453A-9783-4AAE9DE502D1}.Debug|Any CPU.ActiveCfg = Debug|Any CPU
		{F1741624-8183-453A-9783-4AAE9DE502D1}.Debug|Any CPU.Build.0 = Debug|Any CPU
		{F1741624-8183-453A-9783-4AAE9DE502D1}.Release|Any CPU.ActiveCfg = Release|Any CPU
		{F1741624-8183-453A-9783-4AAE9DE502D1}.Release|Any CPU.Build.0 = Release|Any CPU
		{29139984-05C7-4C98-ADE4-AEC3373A5743}.Debug|Any CPU.ActiveCfg = Debug|Any CPU
		{29139984-05C7-4C98-ADE4-AEC3373A5743}.Debug|Any CPU.Build.0 = Debug|Any CPU
		{29139984-05C7-4C98-ADE4-AEC3373A5743}.Release|Any CPU.ActiveCfg = Release|Any CPU
		{29139984-05C7-4C98-ADE4-AEC3373A5743}.Release|Any CPU.Build.0 = Release|Any CPU
		{C718D5D0-F109-4BF0-8B22-C4BAB45F5CD0}.Debug|Any CPU.ActiveCfg = Debug|Any CPU
		{C718D5D0-F109-4BF0-8B22-C4BAB45F5CD0}.Debug|Any CPU.Build.0 = Debug|Any CPU
		{C718D5D0-F109-4BF0-8B22-C4BAB45F5CD0}.Release|Any CPU.ActiveCfg = Release|Any CPU
		{C718D5D0-F109-4BF0-8B22-C4BAB45F5CD0}.Release|Any CPU.Build.0 = Release|Any CPU
		{1EE18B79-F16E-4E41-877C-2D3872AC7ABA}.Debug|Any CPU.ActiveCfg = Debug|Any CPU
		{1EE18B79-F16E-4E41-877C-2D3872AC7ABA}.Debug|Any CPU.Build.0 = Debug|Any CPU
		{1EE18B79-F16E-4E41-877C-2D3872AC7ABA}.Release|Any CPU.ActiveCfg = Release|Any CPU
		{1EE18B79-F16E-4E41-877C-2D3872AC7ABA}.Release|Any CPU.Build.0 = Release|Any CPU
	EndGlobalSection
	GlobalSection(SolutionProperties) = preSolution
		HideSolutionNode = FALSE
	EndGlobalSection
	GlobalSection(ExtensibilityGlobals) = postSolution
		SolutionGuid = {8EE0535D-D43E-412A-9B19-A68941119428}
	EndGlobalSection
EndGlobal
